%{"hackney": {:git, "git://github.com/benoitc/hackney.git", "cf90543f9cc21ffea34d71035521b0102b8555cf", [ref: "cf90543f9cc21ffea34d71035521b0102b8555cf"]},
  "hackney_lib": {:git, "https://github.com/benoitc/hackney_lib.git", "48a5a3fc64892c95e4e3efdd464f26ca5683d2f9", [tag: "0.3.0"]},
  "httpoison": {:git, "git://github.com/edgurgel/httpoison.git", "14ad253e8dda517bd6a2db461bcc4356ce9c7d0d", [tag: "0.1.1"]},
  "idna": {:git, "git://github.com/benoitc/erlang-idna.git", "21aa158b7f36bf2a000f12fe40d7f21eece9cf65", [tag: "hackney-0.11.2"]},
  "jazz": {:package, "0.1.0"}}
